{
  "pins" : [
    {
      "identity" : "onesignal-xcframework",
      "kind" : "remoteSourceControl",
      "location" : "https://github.com/OneSignal/OneSignal-XCFramework",
      "state" : {
        "revision" : "55b0a4f1ff1435d692088e682ce12daf151a3312",
        "version" : "5.5.1"
      }
    }
  ],
  "version" : 2
}
